
Microsoft Visual Studio Solution File, Format Version 12.00
# Visual Studio 15
VisualStudioVersion = 15.0.27428.2015
MinimumVisualStudioVersion = 10.0.40219.1
Project("{888888A0-9F3D-457C-B088-3A5042F75D52}") = "CS230-Project1", "..\CS230-Project1.pyproj", "{8A2D8598-5EF1-48E2-A872-7295AEDBAF22}"
EndProject
Global
	GlobalSection(SolutionConfigurationPlatforms) = preSolution
		Debug|Any CPU = Debug|Any CPU
		Release|Any CPU = Release|Any CPU
	EndGlobalSection
	GlobalSection(ProjectConfigurationPlatforms) = postSolution
		{8A2D8598-5EF1-48E2-A872-7295AEDBAF22}.Debug|Any CPU.ActiveCfg = Debug|Any CPU
		{8A2D8598-5EF1-48E2-A872-7295AEDBAF22}.Release|Any CPU.ActiveCfg = Release|Any CPU
	EndGlobalSection
	GlobalSection(SolutionProperties) = preSolution
		HideSolutionNode = FALSE
	EndGlobalSection
	GlobalSection(ExtensibilityGlobals) = postSolution
		SolutionGuid = {A6E1D759-A7BF-4D15-9692-B5A7FD6296DA}
	EndGlobalSection
EndGlobal
